
Microsoft Visual Studio Solution File, Format Version 12.00
# Visual Studio Version 16
VisualStudioVersion = 16.0.31911.196
MinimumVisualStudioVersion = 10.0.40219.1
Project("{FAE04EC0-301F-11D3-BF4B-00C04F79EFBC}") = "MA Slope", "MA Slope\MA Slope.csproj", "{5CB3FFB4-CB41-43C0-9B0C-CBC58B6B58D6}"
EndProject
Global
	GlobalSection(SolutionConfigurationPlatforms) = preSolution
		Debug|Any CPU = Debug|Any CPU
		Release|Any CPU = Release|Any CPU
	EndGlobalSection
	GlobalSection(ProjectConfigurationPlatforms) = postSolution
		{5CB3FFB4-CB41-43C0-9B0C-CBC58B6B58D6}.Debug|Any CPU.ActiveCfg = Debug|Any CPU
		{5CB3FFB4-CB41-43C0-9B0C-CBC58B6B58D6}.Debug|Any CPU.Build.0 = Debug|Any CPU
		{5CB3FFB4-CB41-43C0-9B0C-CBC58B6B58D6}.Release|Any CPU.ActiveCfg = Release|Any CPU
		{5CB3FFB4-CB41-43C0-9B0C-CBC58B6B58D6}.Release|Any CPU.Build.0 = Release|Any CPU
	EndGlobalSection
	GlobalSection(SolutionProperties) = preSolution
		HideSolutionNode = FALSE
	EndGlobalSection
	GlobalSection(ExtensibilityGlobals) = postSolution
		SolutionGuid = {FCA6521D-7579-4EEB-9360-E6381D8732BB}
	EndGlobalSection
EndGlobal
